
Microsoft Visual Studio Solution File, Format Version 12.00
# Visual Studio Version 16
VisualStudioVersion = 16.0.30907.101
MinimumVisualStudioVersion = 10.0.40219.1
Project("{FAE04EC0-301F-11D3-BF4B-00C04F79EFBC}") = "ThreadPart3", "ThreadPart3\ThreadPart3.csproj", "{69365860-B74A-4170-81B5-943B7623DFF6}"
EndProject
Global
	GlobalSection(SolutionConfigurationPlatforms) = preSolution
		Debug|Any CPU = Debug|Any CPU
		Release|Any CPU = Release|Any CPU
	EndGlobalSection
	GlobalSection(ProjectConfigurationPlatforms) = postSolution
		{69365860-B74A-4170-81B5-943B7623DFF6}.Debug|Any CPU.ActiveCfg = Debug|Any CPU
		{69365860-B74A-4170-81B5-943B7623DFF6}.Debug|Any CPU.Build.0 = Debug|Any CPU
		{69365860-B74A-4170-81B5-943B7623DFF6}.Release|Any CPU.ActiveCfg = Release|Any CPU
		{69365860-B74A-4170-81B5-943B7623DFF6}.Release|Any CPU.Build.0 = Release|Any CPU
	EndGlobalSection
	GlobalSection(SolutionProperties) = preSolution
		HideSolutionNode = FALSE
	EndGlobalSection
	GlobalSection(ExtensibilityGlobals) = postSolution
		SolutionGuid = {42B7EAAA-2E4B-465B-836E-F19DB88184FF}
	EndGlobalSection
EndGlobal
